
Microsoft Visual Studio Solution File, Format Version 12.00
# Visual Studio Version 16
VisualStudioVersion = 16.0.28922.388
MinimumVisualStudioVersion = 10.0.40219.1
Project("{FAE04EC0-301F-11D3-BF4B-00C04F79EFBC}") = "AltCmd", "AltCmd\AltCmd.csproj", "{E19A312B-2ADC-484C-B712-80E664D3D381}"
EndProject
Project("{FAE04EC0-301F-11D3-BF4B-00C04F79EFBC}") = "AltLib", "AltLib\AltLib.csproj", "{8163DF4D-1803-4ADA-B311-27F79163BCD8}"
EndProject
Global
	GlobalSection(SolutionConfigurationPlatforms) = preSolution
		Debug|Any CPU = Debug|Any CPU
		Release|Any CPU = Release|Any CPU
	EndGlobalSection
	GlobalSection(ProjectConfigurationPlatforms) = postSolution
		{E19A312B-2ADC-484C-B712-80E664D3D381}.Debug|Any CPU.ActiveCfg = Debug|Any CPU
		{E19A312B-2ADC-484C-B712-80E664D3D381}.Debug|Any CPU.Build.0 = Debug|Any CPU
		{E19A312B-2ADC-484C-B712-80E664D3D381}.Release|Any CPU.ActiveCfg = Release|Any CPU
		{E19A312B-2ADC-484C-B712-80E664D3D381}.Release|Any CPU.Build.0 = Release|Any CPU
		{8163DF4D-1803-4ADA-B311-27F79163BCD8}.Debug|Any CPU.ActiveCfg = Debug|Any CPU
		{8163DF4D-1803-4ADA-B311-27F79163BCD8}.Debug|Any CPU.Build.0 = Debug|Any CPU
		{8163DF4D-1803-4ADA-B311-27F79163BCD8}.Release|Any CPU.ActiveCfg = Release|Any CPU
		{8163DF4D-1803-4ADA-B311-27F79163BCD8}.Release|Any CPU.Build.0 = Release|Any CPU
	EndGlobalSection
	GlobalSection(SolutionProperties) = preSolution
		HideSolutionNode = FALSE
	EndGlobalSection
	GlobalSection(ExtensibilityGlobals) = postSolution
		SolutionGuid = {C4769261-EA9C-42AF-952F-BF24F79F9262}
	EndGlobalSection
EndGlobal
